<?xml version="1.0" encoding="UTF-8"?>
<CodeBlocks_project_file>
	<FileVersion major="1" minor="6"/>
	<Project>
		<Option title="SuccinctEdge_cata"/>
		<Option makefile_is_custom="1"/>
		<Option compiler="gcc"/>
		<Option virtualFolders="CMake Files\;"/>
		<Build>
			<Target title="all">
				<Option working_dir="/home/pavell/these/SEPrivate"/>
				<Option type="4"/>
				<MakeCommands>
					<Build command="/usr/bin/make -j12 -f &quot;/home/pavell/these/SEPrivate/Makefile&quot;  VERBOSE=1 all"/>
					<CompileFile command="/usr/bin/make -j12 -f &quot;/home/pavell/these/SEPrivate/Makefile&quot;  VERBOSE=1 &quot;$file&quot;"/>
					<Clean command="/usr/bin/make -j12 -f &quot;/home/pavell/these/SEPrivate/Makefile&quot;  VERBOSE=1 clean"/>
					<DistClean command="/usr/bin/make -j12 -f &quot;/home/pavell/these/SEPrivate/Makefile&quot;  VERBOSE=1 clean"/>
				</MakeCommands>
			</Target>
			<Target title="rebuild_cache">
				<Option working_dir="/home/pavell/these/SEPrivate"/>
				<Option type="4"/>
				<MakeCommands>
					<Build command="/usr/bin/make -j12 -f &quot;/home/pavell/these/SEPrivate/Makefile&quot;  VERBOSE=1 rebuild_cache"/>
					<CompileFile command="/usr/bin/make -j12 -f &quot;/home/pavell/these/SEPrivate/Makefile&quot;  VERBOSE=1 &quot;$file&quot;"/>
					<Clean command="/usr/bin/make -j12 -f &quot;/home/pavell/these/SEPrivate/Makefile&quot;  VERBOSE=1 clean"/>
					<DistClean command="/usr/bin/make -j12 -f &quot;/home/pavell/these/SEPrivate/Makefile&quot;  VERBOSE=1 clean"/>
				</MakeCommands>
			</Target>
			<Target title="edit_cache">
				<Option working_dir="/home/pavell/these/SEPrivate"/>
				<Option type="4"/>
				<MakeCommands>
					<Build command="/usr/bin/make -j12 -f &quot;/home/pavell/these/SEPrivate/Makefile&quot;  VERBOSE=1 edit_cache"/>
					<CompileFile command="/usr/bin/make -j12 -f &quot;/home/pavell/these/SEPrivate/Makefile&quot;  VERBOSE=1 &quot;$file&quot;"/>
					<Clean command="/usr/bin/make -j12 -f &quot;/home/pavell/these/SEPrivate/Makefile&quot;  VERBOSE=1 clean"/>
					<DistClean command="/usr/bin/make -j12 -f &quot;/home/pavell/these/SEPrivate/Makefile&quot;  VERBOSE=1 clean"/>
				</MakeCommands>
			</Target>
			<Target title="SuccinctEdge_cata">
				<Option output="/home/pavell/these/SEPrivate/SuccinctEdge_cata" prefix_auto="0" extension_auto="0"/>
				<Option working_dir="/home/pavell/these/SEPrivate"/>
				<Option object_output="./"/>
				<Option type="1"/>
				<Option compiler="gcc"/>
				<Compiler>
					<Add directory="/home/pavell/these/SEPrivate/usr/include"/>
					<Add directory="/usr/local/lib"/>
					<Add directory="/home/pavell/these/SEPrivate/./lib/sdsl-lite-2.1.1/include"/>
					<Add directory="/usr/include/c++/9"/>
					<Add directory="/usr/include/x86_64-linux-gnu/c++/9"/>
					<Add directory="/usr/include/c++/9/backward"/>
					<Add directory="/usr/lib/gcc/x86_64-linux-gnu/9/include"/>
					<Add directory="/usr/local/include"/>
					<Add directory="/usr/include/x86_64-linux-gnu"/>
					<Add directory="/usr/include"/>
				</Compiler>
				<MakeCommands>
					<Build command="/usr/bin/make -j12 -f &quot;/home/pavell/these/SEPrivate/Makefile&quot;  VERBOSE=1 SuccinctEdge_cata"/>
					<CompileFile command="/usr/bin/make -j12 -f &quot;/home/pavell/these/SEPrivate/Makefile&quot;  VERBOSE=1 &quot;$file&quot;"/>
					<Clean command="/usr/bin/make -j12 -f &quot;/home/pavell/these/SEPrivate/Makefile&quot;  VERBOSE=1 clean"/>
					<DistClean command="/usr/bin/make -j12 -f &quot;/home/pavell/these/SEPrivate/Makefile&quot;  VERBOSE=1 clean"/>
				</MakeCommands>
			</Target>
			<Target title="SuccinctEdge_cata/fast">
				<Option output="/home/pavell/these/SEPrivate/SuccinctEdge_cata" prefix_auto="0" extension_auto="0"/>
				<Option working_dir="/home/pavell/these/SEPrivate"/>
				<Option object_output="./"/>
				<Option type="1"/>
				<Option compiler="gcc"/>
				<Compiler>
					<Add directory="/home/pavell/these/SEPrivate/usr/include"/>
					<Add directory="/usr/local/lib"/>
					<Add directory="/home/pavell/these/SEPrivate/./lib/sdsl-lite-2.1.1/include"/>
					<Add directory="/usr/include/c++/9"/>
					<Add directory="/usr/include/x86_64-linux-gnu/c++/9"/>
					<Add directory="/usr/include/c++/9/backward"/>
					<Add directory="/usr/lib/gcc/x86_64-linux-gnu/9/include"/>
					<Add directory="/usr/local/include"/>
					<Add directory="/usr/include/x86_64-linux-gnu"/>
					<Add directory="/usr/include"/>
				</Compiler>
				<MakeCommands>
					<Build command="/usr/bin/make -j12 -f &quot;/home/pavell/these/SEPrivate/Makefile&quot;  VERBOSE=1 SuccinctEdge_cata/fast"/>
					<CompileFile command="/usr/bin/make -j12 -f &quot;/home/pavell/these/SEPrivate/Makefile&quot;  VERBOSE=1 &quot;$file&quot;"/>
					<Clean command="/usr/bin/make -j12 -f &quot;/home/pavell/these/SEPrivate/Makefile&quot;  VERBOSE=1 clean"/>
					<DistClean command="/usr/bin/make -j12 -f &quot;/home/pavell/these/SEPrivate/Makefile&quot;  VERBOSE=1 clean"/>
				</MakeCommands>
			</Target>
		</Build>
		<Unit filename="/home/pavell/these/SEPrivate/BitMap.cpp">
			<Option target="SuccinctEdge_cata"/>
		</Unit>
		<Unit filename="/home/pavell/these/SEPrivate/BitMap.hpp">
			<Option target="SuccinctEdge_cata"/>
		</Unit>
		<Unit filename="/home/pavell/these/SEPrivate/Constant.hpp">
			<Option target="SuccinctEdge_cata"/>
		</Unit>
		<Unit filename="/home/pavell/these/SEPrivate/DataBlock.cpp">
			<Option target="SuccinctEdge_cata"/>
		</Unit>
		<Unit filename="/home/pavell/these/SEPrivate/DataBlock.hpp">
			<Option target="SuccinctEdge_cata"/>
		</Unit>
		<Unit filename="/home/pavell/these/SEPrivate/DataSeries.cpp">
			<Option target="SuccinctEdge_cata"/>
		</Unit>
		<Unit filename="/home/pavell/these/SEPrivate/DataSeries.hpp">
			<Option target="SuccinctEdge_cata"/>
		</Unit>
		<Unit filename="/home/pavell/these/SEPrivate/DataTypeStore.cpp">
			<Option target="SuccinctEdge_cata"/>
		</Unit>
		<Unit filename="/home/pavell/these/SEPrivate/DataTypeStore.hpp">
			<Option target="SuccinctEdge_cata"/>
		</Unit>
		<Unit filename="/home/pavell/these/SEPrivate/DataWindowUtil.hpp">
			<Option target="SuccinctEdge_cata"/>
		</Unit>
		<Unit filename="/home/pavell/these/SEPrivate/Dictionary.cpp">
			<Option target="SuccinctEdge_cata"/>
		</Unit>
		<Unit filename="/home/pavell/these/SEPrivate/Dictionary.hpp">
			<Option target="SuccinctEdge_cata"/>
		</Unit>
		<Unit filename="/home/pavell/these/SEPrivate/Filter.cpp">
			<Option target="SuccinctEdge_cata"/>
		</Unit>
		<Unit filename="/home/pavell/these/SEPrivate/Filter.hpp">
			<Option target="SuccinctEdge_cata"/>
		</Unit>
		<Unit filename="/home/pavell/these/SEPrivate/JoinLine.cpp">
			<Option target="SuccinctEdge_cata"/>
		</Unit>
		<Unit filename="/home/pavell/these/SEPrivate/JoinLine.hpp">
			<Option target="SuccinctEdge_cata"/>
		</Unit>
		<Unit filename="/home/pavell/these/SEPrivate/JoinTable.cpp">
			<Option target="SuccinctEdge_cata"/>
		</Unit>
		<Unit filename="/home/pavell/these/SEPrivate/JoinTable.hpp">
			<Option target="SuccinctEdge_cata"/>
		</Unit>
		<Unit filename="/home/pavell/these/SEPrivate/JoinVariables.cpp">
			<Option target="SuccinctEdge_cata"/>
		</Unit>
		<Unit filename="/home/pavell/these/SEPrivate/JoinVariables.hpp">
			<Option target="SuccinctEdge_cata"/>
		</Unit>
		<Unit filename="/home/pavell/these/SEPrivate/LiteMatDictionary.cpp">
			<Option target="SuccinctEdge_cata"/>
		</Unit>
		<Unit filename="/home/pavell/these/SEPrivate/LiteMatDictionary.hpp">
			<Option target="SuccinctEdge_cata"/>
		</Unit>
		<Unit filename="/home/pavell/these/SEPrivate/MiniBatchUtil.hpp">
			<Option target="SuccinctEdge_cata"/>
		</Unit>
		<Unit filename="/home/pavell/these/SEPrivate/PropertyLiteMatDictionary.cpp">
			<Option target="SuccinctEdge_cata"/>
		</Unit>
		<Unit filename="/home/pavell/these/SEPrivate/PropertyLiteMatDictionary.hpp">
			<Option target="SuccinctEdge_cata"/>
		</Unit>
		<Unit filename="/home/pavell/these/SEPrivate/QueryEngine.cpp">
			<Option target="SuccinctEdge_cata"/>
		</Unit>
		<Unit filename="/home/pavell/these/SEPrivate/QueryEngine.hpp">
			<Option target="SuccinctEdge_cata"/>
		</Unit>
		<Unit filename="/home/pavell/these/SEPrivate/RDFStorage.cpp">
			<Option target="SuccinctEdge_cata"/>
		</Unit>
		<Unit filename="/home/pavell/these/SEPrivate/RDFStorage.hpp">
			<Option target="SuccinctEdge_cata"/>
		</Unit>
		<Unit filename="/home/pavell/these/SEPrivate/RDFTypeStore.cpp">
			<Option target="SuccinctEdge_cata"/>
		</Unit>
		<Unit filename="/home/pavell/these/SEPrivate/RDFTypeStore.hpp">
			<Option target="SuccinctEdge_cata"/>
		</Unit>
		<Unit filename="/home/pavell/these/SEPrivate/RankBaseElement.cpp">
			<Option target="SuccinctEdge_cata"/>
		</Unit>
		<Unit filename="/home/pavell/these/SEPrivate/RankBaseElement.hpp">
			<Option target="SuccinctEdge_cata"/>
		</Unit>
		<Unit filename="/home/pavell/these/SEPrivate/ShowResults.hpp">
			<Option target="SuccinctEdge_cata"/>
		</Unit>
		<Unit filename="/home/pavell/these/SEPrivate/StrDataRankBaseElement.cpp">
			<Option target="SuccinctEdge_cata"/>
		</Unit>
		<Unit filename="/home/pavell/these/SEPrivate/StrDataRankBaseElement.hpp">
			<Option target="SuccinctEdge_cata"/>
		</Unit>
		<Unit filename="/home/pavell/these/SEPrivate/TCPReceiver.cpp">
			<Option target="SuccinctEdge_cata"/>
		</Unit>
		<Unit filename="/home/pavell/these/SEPrivate/TCPReceiver.hpp">
			<Option target="SuccinctEdge_cata"/>
		</Unit>
		<Unit filename="/home/pavell/these/SEPrivate/TimeUtil.hpp">
			<Option target="SuccinctEdge_cata"/>
		</Unit>
		<Unit filename="/home/pavell/these/SEPrivate/TriplePattern.cpp">
			<Option target="SuccinctEdge_cata"/>
		</Unit>
		<Unit filename="/home/pavell/these/SEPrivate/TriplePattern.hpp">
			<Option target="SuccinctEdge_cata"/>
		</Unit>
		<Unit filename="/home/pavell/these/SEPrivate/TripleStore.cpp">
			<Option target="SuccinctEdge_cata"/>
		</Unit>
		<Unit filename="/home/pavell/these/SEPrivate/TripleStore.hpp">
			<Option target="SuccinctEdge_cata"/>
		</Unit>
		<Unit filename="/home/pavell/these/SEPrivate/Util.hpp">
			<Option target="SuccinctEdge_cata"/>
		</Unit>
		<Unit filename="/home/pavell/these/SEPrivate/main.cpp">
			<Option target="SuccinctEdge_cata"/>
		</Unit>
		<Unit filename="/home/pavell/these/SEPrivate/quickSortTS.hpp">
			<Option target="SuccinctEdge_cata"/>
		</Unit>
		<Unit filename="/home/pavell/these/SEPrivate/CMakeLists.txt">
			<Option virtualFolder="CMake Files\"/>
		</Unit>
	</Project>
</CodeBlocks_project_file>
